// !$*UTF8*$!
{
	archiveVersion = 1;
	classes = {
	};
	objectVersion = 50;
	objects = {

/* Begin PBXBuildFile section */
		AB6E135B26B930E1009350DA /* main.cpp in Sources */ = {isa = PBXBuildFile; fileRef = AB6E135A26B930E1009350DA /* main.cpp */; };
		AB6E136326B93108009350DA /* libassimp.dylib in Frameworks */ = {isa = PBXBuildFile; fileRef = AB6E136226B93108009350DA /* libassimp.dylib */; };
		AB6E136526B9310D009350DA /* libGLEW.dylib in Frameworks */ = {isa = PBXBuildFile; fileRef = AB6E136426B9310D009350DA /* libGLEW.dylib */; };
		AB6E136726B93111009350DA /* libglfw.dylib in Frameworks */ = {isa = PBXBuildFile; fileRef = AB6E136626B93111009350DA /* libglfw.dylib */; };
		AB6E137026B93222009350DA /* Mesh.cpp in Sources */ = {isa = PBXBuildFile; fileRef = AB6E136826B93222009350DA /* Mesh.cpp */; };
		AB6E137126B93222009350DA /* Model.cpp in Sources */ = {isa = PBXBuildFile; fileRef = AB6E136926B93222009350DA /* Model.cpp */; };
		AB6E137226B93222009350DA /* Camera.cpp in Sources */ = {isa = PBXBuildFile; fileRef = AB6E136D26B93222009350DA /* Camera.cpp */; };
		AB6E137D26B93255009350DA /* glad.c in Sources */ = {isa = PBXBuildFile; fileRef = AB6E137C26B93255009350DA /* glad.c */; };
/* End PBXBuildFile section */

/* Begin PBXCopyFilesBuildPhase section */
		AB6E135526B930E1009350DA /* CopyFiles */ = {
			isa = PBXCopyFilesBuildPhase;
			buildActionMask = 2147483647;
			dstPath = /usr/share/man/man1/;
			dstSubfolderSpec = 0;
			files = (
			);
			runOnlyForDeploymentPostprocessing = 1;
		};
/* End PBXCopyFilesBuildPhase section */

/* Begin PBXFileReference section */
		AB6E135726B930E1009350DA /* OpenGL_Test16_GeometryShader */ = {isa = PBXFileReference; explicitFileType = "compiled.mach-o.executable"; includeInIndex = 0; path = OpenGL_Test16_GeometryShader; sourceTree = BUILT_PRODUCTS_DIR; };
		AB6E135A26B930E1009350DA /* main.cpp */ = {isa = PBXFileReference; lastKnownFileType = sourcecode.cpp.cpp; path = main.cpp; sourceTree = "<group>"; };
		AB6E136226B93108009350DA /* libassimp.dylib */ = {isa = PBXFileReference; lastKnownFileType = "compiled.mach-o.dylib"; name = libassimp.dylib; path = ../../../assimp/5.0.1/lib/libassimp.dylib; sourceTree = "<group>"; };
		AB6E136426B9310D009350DA /* libGLEW.dylib */ = {isa = PBXFileReference; lastKnownFileType = "compiled.mach-o.dylib"; name = libGLEW.dylib; path = ../../../glew/2.2.0_1/lib/libGLEW.dylib; sourceTree = "<group>"; };
		AB6E136626B93111009350DA /* libglfw.dylib */ = {isa = PBXFileReference; lastKnownFileType = "compiled.mach-o.dylib"; name = libglfw.dylib; path = ../../../glfw/3.3.4/lib/libglfw.dylib; sourceTree = "<group>"; };
		AB6E136826B93222009350DA /* Mesh.cpp */ = {isa = PBXFileReference; fileEncoding = 4; lastKnownFileType = sourcecode.cpp.cpp; path = Mesh.cpp; sourceTree = "<group>"; };
		AB6E136926B93222009350DA /* Model.cpp */ = {isa = PBXFileReference; fileEncoding = 4; lastKnownFileType = sourcecode.cpp.cpp; path = Model.cpp; sourceTree = "<group>"; };
		AB6E136A26B93222009350DA /* Shader.h */ = {isa = PBXFileReference; fileEncoding = 4; lastKnownFileType = sourcecode.c.h; path = Shader.h; sourceTree = "<group>"; };
		AB6E136B26B93222009350DA /* Model.hpp */ = {isa = PBXFileReference; fileEncoding = 4; lastKnownFileType = sourcecode.cpp.h; path = Model.hpp; sourceTree = "<group>"; };
		AB6E136C26B93222009350DA /* stb_image.h */ = {isa = PBXFileReference; fileEncoding = 4; lastKnownFileType = sourcecode.c.h; path = stb_image.h; sourceTree = "<group>"; };
		AB6E136D26B93222009350DA /* Camera.cpp */ = {isa = PBXFileReference; fileEncoding = 4; lastKnownFileType = sourcecode.cpp.cpp; path = Camera.cpp; sourceTree = "<group>"; };
		AB6E136E26B93222009350DA /* Mesh.hpp */ = {isa = PBXFileReference; fileEncoding = 4; lastKnownFileType = sourcecode.cpp.h; path = Mesh.hpp; sourceTree = "<group>"; };
		AB6E136F26B93222009350DA /* Camera.hpp */ = {isa = PBXFileReference; fileEncoding = 4; lastKnownFileType = sourcecode.cpp.h; path = Camera.hpp; sourceTree = "<group>"; };
		AB6E137426B9323A009350DA /* SkyVertexShader.cpp */ = {isa = PBXFileReference; lastKnownFileType = sourcecode.cpp.cpp; path = SkyVertexShader.cpp; sourceTree = "<group>"; };
		AB6E137526B9323A009350DA /* SkyFragmentShader.cpp */ = {isa = PBXFileReference; lastKnownFileType = sourcecode.cpp.cpp; path = SkyFragmentShader.cpp; sourceTree = "<group>"; };
		AB6E137726B9323A009350DA /* CubeVertexShader.cpp */ = {isa = PBXFileReference; lastKnownFileType = sourcecode.cpp.cpp; path = CubeVertexShader.cpp; sourceTree = "<group>"; };
		AB6E137826B9323A009350DA /* CubeFragmentShader.cpp */ = {isa = PBXFileReference; lastKnownFileType = sourcecode.cpp.cpp; path = CubeFragmentShader.cpp; sourceTree = "<group>"; };
		AB6E137A26B9323A009350DA /* ModelVertexShader.cpp */ = {isa = PBXFileReference; lastKnownFileType = sourcecode.cpp.cpp; path = ModelVertexShader.cpp; sourceTree = "<group>"; };
		AB6E137B26B9323A009350DA /* ModelFragmentShader.cpp */ = {isa = PBXFileReference; lastKnownFileType = sourcecode.cpp.cpp; path = ModelFragmentShader.cpp; sourceTree = "<group>"; };
		AB6E137C26B93255009350DA /* glad.c */ = {isa = PBXFileReference; fileEncoding = 4; lastKnownFileType = sourcecode.c.c; name = glad.c; path = ../../../../glad/src/glad.c; sourceTree = "<group>"; };
		AB6E137E26B939CC009350DA /* ModelGeometryShader.cpp */ = {isa = PBXFileReference; lastKnownFileType = sourcecode.cpp.cpp; path = ModelGeometryShader.cpp; sourceTree = "<group>"; };
/* End PBXFileReference section */

/* Begin PBXFrameworksBuildPhase section */
		AB6E135426B930E1009350DA /* Frameworks */ = {
			isa = PBXFrameworksBuildPhase;
			buildActionMask = 2147483647;
			files = (
				AB6E136326B93108009350DA /* libassimp.dylib in Frameworks */,
				AB6E136526B9310D009350DA /* libGLEW.dylib in Frameworks */,
				AB6E136726B93111009350DA /* libglfw.dylib in Frameworks */,
			);
			runOnlyForDeploymentPostprocessing = 0;
		};
/* End PBXFrameworksBuildPhase section */

/* Begin PBXGroup section */
		AB6E134E26B930E1009350DA = {
			isa = PBXGroup;
			children = (
				AB6E135926B930E1009350DA /* OpenGL_Test16_GeometryShader */,
				AB6E135826B930E1009350DA /* Products */,
				AB6E136126B93108009350DA /* Frameworks */,
			);
			sourceTree = "<group>";
		};
		AB6E135826B930E1009350DA /* Products */ = {
			isa = PBXGroup;
			children = (
				AB6E135726B930E1009350DA /* OpenGL_Test16_GeometryShader */,
			);
			name = Products;
			sourceTree = "<group>";
		};
		AB6E135926B930E1009350DA /* OpenGL_Test16_GeometryShader */ = {
			isa = PBXGroup;
			children = (
				AB6E137C26B93255009350DA /* glad.c */,
				AB6E137626B9323A009350DA /* CubeShader */,
				AB6E137926B9323A009350DA /* ModelShader */,
				AB6E137326B9323A009350DA /* SkyShader */,
				AB6E136D26B93222009350DA /* Camera.cpp */,
				AB6E136F26B93222009350DA /* Camera.hpp */,
				AB6E136826B93222009350DA /* Mesh.cpp */,
				AB6E136E26B93222009350DA /* Mesh.hpp */,
				AB6E136926B93222009350DA /* Model.cpp */,
				AB6E136B26B93222009350DA /* Model.hpp */,
				AB6E136A26B93222009350DA /* Shader.h */,
				AB6E136C26B93222009350DA /* stb_image.h */,
				AB6E135A26B930E1009350DA /* main.cpp */,
			);
			path = OpenGL_Test16_GeometryShader;
			sourceTree = "<group>";
		};
		AB6E136126B93108009350DA /* Frameworks */ = {
			isa = PBXGroup;
			children = (
				AB6E136626B93111009350DA /* libglfw.dylib */,
				AB6E136426B9310D009350DA /* libGLEW.dylib */,
				AB6E136226B93108009350DA /* libassimp.dylib */,
			);
			name = Frameworks;
			sourceTree = "<group>";
		};
		AB6E137326B9323A009350DA /* SkyShader */ = {
			isa = PBXGroup;
			children = (
				AB6E137426B9323A009350DA /* SkyVertexShader.cpp */,
				AB6E137526B9323A009350DA /* SkyFragmentShader.cpp */,
			);
			path = SkyShader;
			sourceTree = "<group>";
		};
		AB6E137626B9323A009350DA /* CubeShader */ = {
			isa = PBXGroup;
			children = (
				AB6E137726B9323A009350DA /* CubeVertexShader.cpp */,
				AB6E137826B9323A009350DA /* CubeFragmentShader.cpp */,
			);
			path = CubeShader;
			sourceTree = "<group>";
		};
		AB6E137926B9323A009350DA /* ModelShader */ = {
			isa = PBXGroup;
			children = (
				AB6E137A26B9323A009350DA /* ModelVertexShader.cpp */,
				AB6E137E26B939CC009350DA /* ModelGeometryShader.cpp */,
				AB6E137B26B9323A009350DA /* ModelFragmentShader.cpp */,
			);
			path = ModelShader;
			sourceTree = "<group>";
		};
/* End PBXGroup section */

/* Begin PBXNativeTarget section */
		AB6E135626B930E1009350DA /* OpenGL_Test16_GeometryShader */ = {
			isa = PBXNativeTarget;
			buildConfigurationList = AB6E135E26B930E1009350DA /* Build configuration list for PBXNativeTarget "OpenGL_Test16_GeometryShader" */;
			buildPhases = (
				AB6E135326B930E1009350DA /* Sources */,
				AB6E135426B930E1009350DA /* Frameworks */,
				AB6E135526B930E1009350DA /* CopyFiles */,
			);
			buildRules = (
			);
			dependencies = (
			);
			name = OpenGL_Test16_GeometryShader;
			productName = OpenGL_Test16_GeometryShader;
			productReference = AB6E135726B930E1009350DA /* OpenGL_Test16_GeometryShader */;
			productType = "com.apple.product-type.tool";
		};
/* End PBXNativeTarget section */

/* Begin PBXProject section */
		AB6E134F26B930E1009350DA /* Project object */ = {
			isa = PBXProject;
			attributes = {
				LastUpgradeCheck = 1250;
				TargetAttributes = {
					AB6E135626B930E1009350DA = {
						CreatedOnToolsVersion = 12.5.1;
					};
				};
			};
			buildConfigurationList = AB6E135226B930E1009350DA /* Build configuration list for PBXProject "OpenGL_Test16_GeometryShader" */;
			compatibilityVersion = "Xcode 9.3";
			developmentRegion = en;
			hasScannedForEncodings = 0;
			knownRegions = (
				en,
				Base,
			);
			mainGroup = AB6E134E26B930E1009350DA;
			productRefGroup = AB6E135826B930E1009350DA /* Products */;
			projectDirPath = "";
			projectRoot = "";
			targets = (
				AB6E135626B930E1009350DA /* OpenGL_Test16_GeometryShader */,
			);
		};
/* End PBXProject section */

/* Begin PBXSourcesBuildPhase section */
		AB6E135326B930E1009350DA /* Sources */ = {
			isa = PBXSourcesBuildPhase;
			buildActionMask = 2147483647;
			files = (
				AB6E137D26B93255009350DA /* glad.c in Sources */,
				AB6E137226B93222009350DA /* Camera.cpp in Sources */,
				AB6E137126B93222009350DA /* Model.cpp in Sources */,
				AB6E137026B93222009350DA /* Mesh.cpp in Sources */,
				AB6E135B26B930E1009350DA /* main.cpp in Sources */,
			);
			runOnlyForDeploymentPostprocessing = 0;
		};
/* End PBXSourcesBuildPhase section */

/* Begin XCBuildConfiguration section */
		AB6E135C26B930E1009350DA /* Debug */ = {
			isa = XCBuildConfiguration;
			buildSettings = {
				ALWAYS_SEARCH_USER_PATHS = NO;
				CLANG_ANALYZER_NONNULL = YES;
				CLANG_ANALYZER_NUMBER_OBJECT_CONVERSION = YES_AGGRESSIVE;
				CLANG_CXX_LANGUAGE_STANDARD = "gnu++14";
				CLANG_CXX_LIBRARY = "libc++";
				CLANG_ENABLE_MODULES = YES;
				CLANG_ENABLE_OBJC_ARC = YES;
				CLANG_ENABLE_OBJC_WEAK = YES;
				CLANG_WARN_BLOCK_CAPTURE_AUTORELEASING = YES;
				CLANG_WARN_BOOL_CONVERSION = YES;
				CLANG_WARN_COMMA = YES;
				CLANG_WARN_CONSTANT_CONVERSION = YES;
				CLANG_WARN_DEPRECATED_OBJC_IMPLEMENTATIONS = YES;
				CLANG_WARN_DIRECT_OBJC_ISA_USAGE = YES_ERROR;
				CLANG_WARN_DOCUMENTATION_COMMENTS = YES;
				CLANG_WARN_EMPTY_BODY = YES;
				CLANG_WARN_ENUM_CONVERSION = YES;
				CLANG_WARN_INFINITE_RECURSION = YES;
				CLANG_WARN_INT_CONVERSION = YES;
				CLANG_WARN_NON_LITERAL_NULL_CONVERSION = YES;
				CLANG_WARN_OBJC_IMPLICIT_RETAIN_SELF = YES;
				CLANG_WARN_OBJC_LITERAL_CONVERSION = YES;
				CLANG_WARN_OBJC_ROOT_CLASS = YES_ERROR;
				CLANG_WARN_QUOTED_INCLUDE_IN_FRAMEWORK_HEADER = YES;
				CLANG_WARN_RANGE_LOOP_ANALYSIS = YES;
				CLANG_WARN_STRICT_PROTOTYPES = YES;
				CLANG_WARN_SUSPICIOUS_MOVE = YES;
				CLANG_WARN_UNGUARDED_AVAILABILITY = YES_AGGRESSIVE;
				CLANG_WARN_UNREACHABLE_CODE = YES;
				CLANG_WARN__DUPLICATE_METHOD_MATCH = YES;
				COPY_PHASE_STRIP = NO;
				DEBUG_INFORMATION_FORMAT = dwarf;
				ENABLE_STRICT_OBJC_MSGSEND = YES;
				ENABLE_TESTABILITY = YES;
				GCC_C_LANGUAGE_STANDARD = gnu11;
				GCC_DYNAMIC_NO_PIC = NO;
				GCC_NO_COMMON_BLOCKS = YES;
				GCC_OPTIMIZATION_LEVEL = 0;
				GCC_PREPROCESSOR_DEFINITIONS = (
					"DEBUG=1",
					"$(inherited)",
				);
				GCC_WARN_64_TO_32_BIT_CONVERSION = YES;
				GCC_WARN_ABOUT_RETURN_TYPE = YES_ERROR;
				GCC_WARN_UNDECLARED_SELECTOR = YES;
				GCC_WARN_UNINITIALIZED_AUTOS = YES_AGGRESSIVE;
				GCC_WARN_UNUSED_FUNCTION = YES;
				GCC_WARN_UNUSED_VARIABLE = YES;
				MACOSX_DEPLOYMENT_TARGET = 11.3;
				MTL_ENABLE_DEBUG_INFO = INCLUDE_SOURCE;
				MTL_FAST_MATH = YES;
				ONLY_ACTIVE_ARCH = YES;
				SDKROOT = macosx;
			};
			name = Debug;
		};
		AB6E135D26B930E1009350DA /* Release */ = {
			isa = XCBuildConfiguration;
			buildSettings = {
				ALWAYS_SEARCH_USER_PATHS = NO;
				CLANG_ANALYZER_NONNULL = YES;
				CLANG_ANALYZER_NUMBER_OBJECT_CONVERSION = YES_AGGRESSIVE;
				CLANG_CXX_LANGUAGE_STANDARD = "gnu++14";
				CLANG_CXX_LIBRARY = "libc++";
				CLANG_ENABLE_MODULES = YES;
				CLANG_ENABLE_OBJC_ARC = YES;
				CLANG_ENABLE_OBJC_WEAK = YES;
				CLANG_WARN_BLOCK_CAPTURE_AUTORELEASING = YES;
				CLANG_WARN_BOOL_CONVERSION = YES;
				CLANG_WARN_COMMA = YES;
				CLANG_WARN_CONSTANT_CONVERSION = YES;
				CLANG_WARN_DEPRECATED_OBJC_IMPLEMENTATIONS = YES;
				CLANG_WARN_DIRECT_OBJC_ISA_USAGE = YES_ERROR;
				CLANG_WARN_DOCUMENTATION_COMMENTS = YES;
				CLANG_WARN_EMPTY_BODY = YES;
				CLANG_WARN_ENUM_CONVERSION = YES;
				CLANG_WARN_INFINITE_RECURSION = YES;
				CLANG_WARN_INT_CONVERSION = YES;
				CLANG_WARN_NON_LITERAL_NULL_CONVERSION = YES;
				CLANG_WARN_OBJC_IMPLICIT_RETAIN_SELF = YES;
				CLANG_WARN_OBJC_LITERAL_CONVERSION = YES;
				CLANG_WARN_OBJC_ROOT_CLASS = YES_ERROR;
				CLANG_WARN_QUOTED_INCLUDE_IN_FRAMEWORK_HEADER = YES;
				CLANG_WARN_RANGE_LOOP_ANALYSIS = YES;
				CLANG_WARN_STRICT_PROTOTYPES = YES;
				CLANG_WARN_SUSPICIOUS_MOVE = YES;
				CLANG_WARN_UNGUARDED_AVAILABILITY = YES_AGGRESSIVE;
				CLANG_WARN_UNREACHABLE_CODE = YES;
				CLANG_WARN__DUPLICATE_METHOD_MATCH = YES;
				COPY_PHASE_STRIP = NO;
				DEBUG_INFORMATION_FORMAT = "dwarf-with-dsym";
				ENABLE_NS_ASSERTIONS = NO;
				ENABLE_STRICT_OBJC_MSGSEND = YES;
				GCC_C_LANGUAGE_STANDARD = gnu11;
				GCC_NO_COMMON_BLOCKS = YES;
				GCC_WARN_64_TO_32_BIT_CONVERSION = YES;
				GCC_WARN_ABOUT_RETURN_TYPE = YES_ERROR;
				GCC_WARN_UNDECLARED_SELECTOR = YES;
				GCC_WARN_UNINITIALIZED_AUTOS = YES_AGGRESSIVE;
				GCC_WARN_UNUSED_FUNCTION = YES;
				GCC_WARN_UNUSED_VARIABLE = YES;
				MACOSX_DEPLOYMENT_TARGET = 11.3;
				MTL_ENABLE_DEBUG_INFO = NO;
				MTL_FAST_MATH = YES;
				SDKROOT = macosx;
			};
			name = Release;
		};
		AB6E135F26B930E1009350DA /* Debug */ = {
			isa = XCBuildConfiguration;
			buildSettings = {
				CODE_SIGN_STYLE = Automatic;
				HEADER_SEARCH_PATHS = (
					"\"$(SRCROOT)/../../../assimp/5.0.1/include\"",
					"\"$(SRCROOT)/../../../glad/include\"",
					"\"$(SRCROOT)/../../../glew/2.2.0_1/include\"",
					"\"$(SRCROOT)/../../../glfw/3.3.4/include\"",
					"\"$(SRCROOT)/../../../glm/0.9.9.8/include\"",
				);
				LIBRARY_SEARCH_PATHS = (
					"\"$(SRCROOT)/../../../glfw/3.3.4/lib\"",
					"\"$(SRCROOT)/../../../glew/2.2.0_1/lib\"",
					"\"$(SRCROOT)/../../../assimp/5.0.1/lib\"",
				);
				PRODUCT_NAME = "$(TARGET_NAME)";
			};
			name = Debug;
		};
		AB6E136026B930E1009350DA /* Release */ = {
			isa = XCBuildConfiguration;
			buildSettings = {
				CODE_SIGN_STYLE = Automatic;
				HEADER_SEARCH_PATHS = (
					"\"$(SRCROOT)/../../../assimp/5.0.1/include\"",
					"\"$(SRCROOT)/../../../glad/include\"",
					"\"$(SRCROOT)/../../../glew/2.2.0_1/include\"",
					"\"$(SRCROOT)/../../../glfw/3.3.4/include\"",
					"\"$(SRCROOT)/../../../glm/0.9.9.8/include\"",
				);
				LIBRARY_SEARCH_PATHS = (
					"\"$(SRCROOT)/../../../glfw/3.3.4/lib\"",
					"\"$(SRCROOT)/../../../glew/2.2.0_1/lib\"",
					"\"$(SRCROOT)/../../../assimp/5.0.1/lib\"",
				);
				PRODUCT_NAME = "$(TARGET_NAME)";
			};
			name = Release;
		};
/* End XCBuildConfiguration section */

/* Begin XCConfigurationList section */
		AB6E135226B930E1009350DA /* Build configuration list for PBXProject "OpenGL_Test16_GeometryShader" */ = {
			isa = XCConfigurationList;
			buildConfigurations = (
				AB6E135C26B930E1009350DA /* Debug */,
				AB6E135D26B930E1009350DA /* Release */,
			);
			defaultConfigurationIsVisible = 0;
			defaultConfigurationName = Release;
		};
		AB6E135E26B930E1009350DA /* Build configuration list for PBXNativeTarget "OpenGL_Test16_GeometryShader" */ = {
			isa = XCConfigurationList;
			buildConfigurations = (
				AB6E135F26B930E1009350DA /* Debug */,
				AB6E136026B930E1009350DA /* Release */,
			);
			defaultConfigurationIsVisible = 0;
			defaultConfigurationName = Release;
		};
/* End XCConfigurationList section */
	};
	rootObject = AB6E134F26B930E1009350DA /* Project object */;
}
